// !$*UTF8*$!
{
	archiveVersion = 1;
	classes = {
	};
	objectVersion = 55;
	objects = {

/* Begin PBXBuildFile section */
		215F54E6287C1CD200B6653A /* AppDelegate.swift in Sources */ = {isa = PBXBuildFile; fileRef = 215F54E5287C1CD200B6653A /* AppDelegate.swift */; };
		215F54E8287C1CD200B6653A /* SceneDelegate.swift in Sources */ = {isa = PBXBuildFile; fileRef = 215F54E7287C1CD200B6653A /* SceneDelegate.swift */; };
		215F54EF287C1CD400B6653A /* Assets.xcassets in Resources */ = {isa = PBXBuildFile; fileRef = 215F54EE287C1CD400B6653A /* Assets.xcassets */; };
		215F54F2287C1CD400B6653A /* LaunchScreen.storyboard in Resources */ = {isa = PBXBuildFile; fileRef = 215F54F0287C1CD400B6653A /* LaunchScreen.storyboard */; };
		215F54FA287C1E6700B6653A /* BaseViewController.swift in Sources */ = {isa = PBXBuildFile; fileRef = 215F54F9287C1E6700B6653A /* BaseViewController.swift */; };
		215F54FD287C1EA700B6653A /* HomeViewController.swift in Sources */ = {isa = PBXBuildFile; fileRef = 215F54FB287C1EA700B6653A /* HomeViewController.swift */; };
		215F54FE287C1EA700B6653A /* HomeViewController.xib in Resources */ = {isa = PBXBuildFile; fileRef = 215F54FC287C1EA700B6653A /* HomeViewController.xib */; };
		215F5500287C281B00B6653A /* MainTabbarViewController.swift in Sources */ = {isa = PBXBuildFile; fileRef = 215F54FF287C281B00B6653A /* MainTabbarViewController.swift */; };
		215F5503287C287F00B6653A /* ListViewController.swift in Sources */ = {isa = PBXBuildFile; fileRef = 215F5501287C287F00B6653A /* ListViewController.swift */; };
		215F5504287C287F00B6653A /* ListViewController.xib in Resources */ = {isa = PBXBuildFile; fileRef = 215F5502287C287F00B6653A /* ListViewController.xib */; };
		216057F0288E84ED00668604 /* Coordinator.swift in Sources */ = {isa = PBXBuildFile; fileRef = 216057EF288E84ED00668604 /* Coordinator.swift */; };
		216057F2288E856100668604 /* LoginCoordinator.swift in Sources */ = {isa = PBXBuildFile; fileRef = 216057F1288E856100668604 /* LoginCoordinator.swift */; };
		21B1BC5E2890E43600E238D5 /* Movie.swift in Sources */ = {isa = PBXBuildFile; fileRef = 21B1BC5D2890E43600E238D5 /* Movie.swift */; };
		21B1BC612890EBC500E238D5 /* MovieRepositoryProtocol.swift in Sources */ = {isa = PBXBuildFile; fileRef = 21B1BC602890EBC500E238D5 /* MovieRepositoryProtocol.swift */; };
		21B1BC6328910F0400E238D5 /* MovieRepository.swift in Sources */ = {isa = PBXBuildFile; fileRef = 21B1BC6228910F0400E238D5 /* MovieRepository.swift */; };
		21B1BC662891152A00E238D5 /* AppDependencyProvider.swift in Sources */ = {isa = PBXBuildFile; fileRef = 21B1BC652891152A00E238D5 /* AppDependencyProvider.swift */; };
		21B1BC6A28911C4500E238D5 /* NetworkManager.swift in Sources */ = {isa = PBXBuildFile; fileRef = 21B1BC6828911C4500E238D5 /* NetworkManager.swift */; };
		21B1BC6B28911C4500E238D5 /* Endpoint.swift in Sources */ = {isa = PBXBuildFile; fileRef = 21B1BC6928911C4500E238D5 /* Endpoint.swift */; };
		21B1BC6E289127BA00E238D5 /* ListMovieModelProtocol.swift in Sources */ = {isa = PBXBuildFile; fileRef = 21B1BC6D289127BA00E238D5 /* ListMovieModelProtocol.swift */; };
		21B1BC71289133A500E238D5 /* RealmLocalDataSource.swift in Sources */ = {isa = PBXBuildFile; fileRef = 21B1BC70289133A500E238D5 /* RealmLocalDataSource.swift */; };
		21B1BC73289133B300E238D5 /* DataSourceProtocol.swift in Sources */ = {isa = PBXBuildFile; fileRef = 21B1BC72289133B300E238D5 /* DataSourceProtocol.swift */; };
		21B3BD2F287FBA1E00363C06 /* Constant.swift in Sources */ = {isa = PBXBuildFile; fileRef = 21B3BD2E287FBA1E00363C06 /* Constant.swift */; };
		21B3BD32287FBA5B00363C06 /* String+Extensions.swift in Sources */ = {isa = PBXBuildFile; fileRef = 21B3BD31287FBA5B00363C06 /* String+Extensions.swift */; };
		21B3BD35287FBAA900363C06 /* BaseNibView.swift in Sources */ = {isa = PBXBuildFile; fileRef = 21B3BD34287FBAA900363C06 /* BaseNibView.swift */; };
		21B3BD38287FBAE500363C06 /* DataManager.swift in Sources */ = {isa = PBXBuildFile; fileRef = 21B3BD37287FBAE500363C06 /* DataManager.swift */; };
		21B3BD3D287FC29800363C06 /* UIView+Extensions.swift in Sources */ = {isa = PBXBuildFile; fileRef = 21B3BD3C287FC29800363C06 /* UIView+Extensions.swift */; };
		21B3BD45287FC76100363C06 /* ConnectionManager.swift in Sources */ = {isa = PBXBuildFile; fileRef = 21B3BD44287FC76100363C06 /* ConnectionManager.swift */; };
		21B3BD47287FC8A200363C06 /* StringConstant.swift in Sources */ = {isa = PBXBuildFile; fileRef = 21B3BD46287FC8A200363C06 /* StringConstant.swift */; };
		21B3BD4A287FD05100363C06 /* AuthenticationManager.swift in Sources */ = {isa = PBXBuildFile; fileRef = 21B3BD49287FD05100363C06 /* AuthenticationManager.swift */; };
		21B3BD4D287FD0D100363C06 /* Authentication.swift in Sources */ = {isa = PBXBuildFile; fileRef = 21B3BD4C287FD0D100363C06 /* Authentication.swift */; };
		21B3BD51287FF94500363C06 /* LoginViewController.swift in Sources */ = {isa = PBXBuildFile; fileRef = 21B3BD4F287FF94500363C06 /* LoginViewController.swift */; };
		21B3BD52287FF94500363C06 /* LoginViewController.xib in Resources */ = {isa = PBXBuildFile; fileRef = 21B3BD50287FF94500363C06 /* LoginViewController.xib */; };
		21B3BD54287FF99000363C06 /* LoginViewModel.swift in Sources */ = {isa = PBXBuildFile; fileRef = 21B3BD53287FF99000363C06 /* LoginViewModel.swift */; };
		21B3BD5728801D8D00363C06 /* ListMovieManager.swift in Sources */ = {isa = PBXBuildFile; fileRef = 21B3BD5628801D8D00363C06 /* ListMovieManager.swift */; };
		21B3BD5928808AEC00363C06 /* ListMovieModel.swift in Sources */ = {isa = PBXBuildFile; fileRef = 21B3BD5828808AEC00363C06 /* ListMovieModel.swift */; };
		21B3BD5B28808B2400363C06 /* ListMovieViewModel.swift in Sources */ = {isa = PBXBuildFile; fileRef = 21B3BD5A28808B2400363C06 /* ListMovieViewModel.swift */; };
		21B3BD5D2880980F00363C06 /* CustomCollectionViewLayout.swift in Sources */ = {isa = PBXBuildFile; fileRef = 21B3BD5C2880980F00363C06 /* CustomCollectionViewLayout.swift */; };
		21B4562A288F8D70006B42D5 /* MainCoordinator.swift in Sources */ = {isa = PBXBuildFile; fileRef = 21B45629288F8D70006B42D5 /* MainCoordinator.swift */; };
		21EB3A602898BF7C0056D9EB /* UserViewController.swift in Sources */ = {isa = PBXBuildFile; fileRef = 21EB3A5E2898BF7C0056D9EB /* UserViewController.swift */; };
		21EB3A612898BF7C0056D9EB /* UserViewController.xib in Resources */ = {isa = PBXBuildFile; fileRef = 21EB3A5F2898BF7C0056D9EB /* UserViewController.xib */; };
		21EB3A63289902820056D9EB /* HomeCoordinator.swift in Sources */ = {isa = PBXBuildFile; fileRef = 21EB3A62289902810056D9EB /* HomeCoordinator.swift */; };
		21EB3A65289913880056D9EB /* ListCoordinator.swift in Sources */ = {isa = PBXBuildFile; fileRef = 21EB3A64289913880056D9EB /* ListCoordinator.swift */; };
		21EB3A672899171A0056D9EB /* UserCoordinator.swift in Sources */ = {isa = PBXBuildFile; fileRef = 21EB3A662899171A0056D9EB /* UserCoordinator.swift */; };
		29788D778E9E8374DA334D18 /* Pods_Mooc2022.framework in Frameworks */ = {isa = PBXBuildFile; fileRef = CEF0F97197EE4981FBB83B77 /* Pods_Mooc2022.framework */; };
		4504DE53288F02F000D318A0 /* FirebaseManager.swift in Sources */ = {isa = PBXBuildFile; fileRef = 4504DE52288F02F000D318A0 /* FirebaseManager.swift */; };
		45340F66288FB9A70050425A /* LogViewController.storyboard in Resources */ = {isa = PBXBuildFile; fileRef = 45340F65288FB9A70050425A /* LogViewController.storyboard */; };
		458ECBAC288EC37A005DB0F1 /* Log.swift in Sources */ = {isa = PBXBuildFile; fileRef = 458ECBAB288EC379005DB0F1 /* Log.swift */; };
		458ECBAE288EC76B005DB0F1 /* LogViewController.swift in Sources */ = {isa = PBXBuildFile; fileRef = 458ECBAD288EC76B005DB0F1 /* LogViewController.swift */; };
		45ACB7EE288FAB9F002546DE /* LoginService.swift in Sources */ = {isa = PBXBuildFile; fileRef = 45ACB7ED288FAB9F002546DE /* LoginService.swift */; };
		45F51BE828855D7500E84673 /* GoogleService-Info.plist in Resources */ = {isa = PBXBuildFile; fileRef = 45F51BE728855D7500E84673 /* GoogleService-Info.plist */; };
		E8353C3128966211007042F4 /* CircularTransition.swift in Sources */ = {isa = PBXBuildFile; fileRef = E8353C3028966211007042F4 /* CircularTransition.swift */; };
		E856AC15287D45A10069C3B4 /* MovieCell.swift in Sources */ = {isa = PBXBuildFile; fileRef = E856AC13287D45A10069C3B4 /* MovieCell.swift */; };
		E856AC16287D45A10069C3B4 /* MovieCell.xib in Resources */ = {isa = PBXBuildFile; fileRef = E856AC14287D45A10069C3B4 /* MovieCell.xib */; };
/* End PBXBuildFile section */

/* Begin PBXFileReference section */
		215F54E2287C1CD200B6653A /* Mooc2022.app */ = {isa = PBXFileReference; explicitFileType = wrapper.application; includeInIndex = 0; path = Mooc2022.app; sourceTree = BUILT_PRODUCTS_DIR; };
		215F54E5287C1CD200B6653A /* AppDelegate.swift */ = {isa = PBXFileReference; lastKnownFileType = sourcecode.swift; path = AppDelegate.swift; sourceTree = "<group>"; };
		215F54E7287C1CD200B6653A /* SceneDelegate.swift */ = {isa = PBXFileReference; lastKnownFileType = sourcecode.swift; path = SceneDelegate.swift; sourceTree = "<group>"; };
		215F54EE287C1CD400B6653A /* Assets.xcassets */ = {isa = PBXFileReference; lastKnownFileType = folder.assetcatalog; path = Assets.xcassets; sourceTree = "<group>"; };
		215F54F1287C1CD400B6653A /* Base */ = {isa = PBXFileReference; lastKnownFileType = file.storyboard; name = Base; path = Base.lproj/LaunchScreen.storyboard; sourceTree = "<group>"; };
		215F54F3287C1CD400B6653A /* Info.plist */ = {isa = PBXFileReference; lastKnownFileType = text.plist.xml; path = Info.plist; sourceTree = "<group>"; };
		215F54F9287C1E6700B6653A /* BaseViewController.swift */ = {isa = PBXFileReference; lastKnownFileType = sourcecode.swift; path = BaseViewController.swift; sourceTree = "<group>"; };
		215F54FB287C1EA700B6653A /* HomeViewController.swift */ = {isa = PBXFileReference; lastKnownFileType = sourcecode.swift; path = HomeViewController.swift; sourceTree = "<group>"; };
		215F54FC287C1EA700B6653A /* HomeViewController.xib */ = {isa = PBXFileReference; lastKnownFileType = file.xib; path = HomeViewController.xib; sourceTree = "<group>"; };
		215F54FF287C281B00B6653A /* MainTabbarViewController.swift */ = {isa = PBXFileReference; lastKnownFileType = sourcecode.swift; path = MainTabbarViewController.swift; sourceTree = "<group>"; };
		215F5501287C287F00B6653A /* ListViewController.swift */ = {isa = PBXFileReference; lastKnownFileType = sourcecode.swift; path = ListViewController.swift; sourceTree = "<group>"; };
		215F5502287C287F00B6653A /* ListViewController.xib */ = {isa = PBXFileReference; lastKnownFileType = file.xib; path = ListViewController.xib; sourceTree = "<group>"; };
		216057EF288E84ED00668604 /* Coordinator.swift */ = {isa = PBXFileReference; lastKnownFileType = sourcecode.swift; path = Coordinator.swift; sourceTree = "<group>"; };
		216057F1288E856100668604 /* LoginCoordinator.swift */ = {isa = PBXFileReference; lastKnownFileType = sourcecode.swift; path = LoginCoordinator.swift; sourceTree = "<group>"; };
		21B1BC5D2890E43600E238D5 /* Movie.swift */ = {isa = PBXFileReference; lastKnownFileType = sourcecode.swift; path = Movie.swift; sourceTree = "<group>"; };
		21B1BC602890EBC500E238D5 /* MovieRepositoryProtocol.swift */ = {isa = PBXFileReference; lastKnownFileType = sourcecode.swift; path = MovieRepositoryProtocol.swift; sourceTree = "<group>"; };
		21B1BC6228910F0400E238D5 /* MovieRepository.swift */ = {isa = PBXFileReference; lastKnownFileType = sourcecode.swift; path = MovieRepository.swift; sourceTree = "<group>"; };
		21B1BC652891152A00E238D5 /* AppDependencyProvider.swift */ = {isa = PBXFileReference; lastKnownFileType = sourcecode.swift; path = AppDependencyProvider.swift; sourceTree = "<group>"; };
		21B1BC6828911C4500E238D5 /* NetworkManager.swift */ = {isa = PBXFileReference; fileEncoding = 4; lastKnownFileType = sourcecode.swift; path = NetworkManager.swift; sourceTree = "<group>"; };
		21B1BC6928911C4500E238D5 /* Endpoint.swift */ = {isa = PBXFileReference; fileEncoding = 4; lastKnownFileType = sourcecode.swift; path = Endpoint.swift; sourceTree = "<group>"; };
		21B1BC6D289127BA00E238D5 /* ListMovieModelProtocol.swift */ = {isa = PBXFileReference; lastKnownFileType = sourcecode.swift; path = ListMovieModelProtocol.swift; sourceTree = "<group>"; };
		21B1BC70289133A500E238D5 /* RealmLocalDataSource.swift */ = {isa = PBXFileReference; lastKnownFileType = sourcecode.swift; path = RealmLocalDataSource.swift; sourceTree = "<group>"; };
		21B1BC72289133B300E238D5 /* DataSourceProtocol.swift */ = {isa = PBXFileReference; lastKnownFileType = sourcecode.swift; path = DataSourceProtocol.swift; sourceTree = "<group>"; };
		21B3BD2E287FBA1E00363C06 /* Constant.swift */ = {isa = PBXFileReference; lastKnownFileType = sourcecode.swift; path = Constant.swift; sourceTree = "<group>"; };
		21B3BD31287FBA5B00363C06 /* String+Extensions.swift */ = {isa = PBXFileReference; fileEncoding = 4; lastKnownFileType = sourcecode.swift; path = "String+Extensions.swift"; sourceTree = "<group>"; };
		21B3BD34287FBAA900363C06 /* BaseNibView.swift */ = {isa = PBXFileReference; fileEncoding = 4; lastKnownFileType = sourcecode.swift; path = BaseNibView.swift; sourceTree = "<group>"; };
		21B3BD37287FBAE500363C06 /* DataManager.swift */ = {isa = PBXFileReference; fileEncoding = 4; lastKnownFileType = sourcecode.swift; path = DataManager.swift; sourceTree = "<group>"; };
		21B3BD3C287FC29800363C06 /* UIView+Extensions.swift */ = {isa = PBXFileReference; lastKnownFileType = sourcecode.swift; path = "UIView+Extensions.swift"; sourceTree = "<group>"; };
		21B3BD44287FC76100363C06 /* ConnectionManager.swift */ = {isa = PBXFileReference; lastKnownFileType = sourcecode.swift; path = ConnectionManager.swift; sourceTree = "<group>"; };
		21B3BD46287FC8A200363C06 /* StringConstant.swift */ = {isa = PBXFileReference; lastKnownFileType = sourcecode.swift; path = StringConstant.swift; sourceTree = "<group>"; };
		21B3BD49287FD05100363C06 /* AuthenticationManager.swift */ = {isa = PBXFileReference; lastKnownFileType = sourcecode.swift; path = AuthenticationManager.swift; sourceTree = "<group>"; };
		21B3BD4C287FD0D100363C06 /* Authentication.swift */ = {isa = PBXFileReference; lastKnownFileType = sourcecode.swift; path = Authentication.swift; sourceTree = "<group>"; };
		21B3BD4F287FF94500363C06 /* LoginViewController.swift */ = {isa = PBXFileReference; lastKnownFileType = sourcecode.swift; path = LoginViewController.swift; sourceTree = "<group>"; };
		21B3BD50287FF94500363C06 /* LoginViewController.xib */ = {isa = PBXFileReference; lastKnownFileType = file.xib; path = LoginViewController.xib; sourceTree = "<group>"; };
		21B3BD53287FF99000363C06 /* LoginViewModel.swift */ = {isa = PBXFileReference; lastKnownFileType = sourcecode.swift; path = LoginViewModel.swift; sourceTree = "<group>"; };
		21B3BD5628801D8D00363C06 /* ListMovieManager.swift */ = {isa = PBXFileReference; lastKnownFileType = sourcecode.swift; path = ListMovieManager.swift; sourceTree = "<group>"; };
		21B3BD5828808AEC00363C06 /* ListMovieModel.swift */ = {isa = PBXFileReference; lastKnownFileType = sourcecode.swift; path = ListMovieModel.swift; sourceTree = "<group>"; };
		21B3BD5A28808B2400363C06 /* ListMovieViewModel.swift */ = {isa = PBXFileReference; lastKnownFileType = sourcecode.swift; path = ListMovieViewModel.swift; sourceTree = "<group>"; };
		21B3BD5C2880980F00363C06 /* CustomCollectionViewLayout.swift */ = {isa = PBXFileReference; lastKnownFileType = sourcecode.swift; path = CustomCollectionViewLayout.swift; sourceTree = "<group>"; };
		21B45629288F8D70006B42D5 /* MainCoordinator.swift */ = {isa = PBXFileReference; lastKnownFileType = sourcecode.swift; path = MainCoordinator.swift; sourceTree = "<group>"; };
		21EB3A5E2898BF7C0056D9EB /* UserViewController.swift */ = {isa = PBXFileReference; lastKnownFileType = sourcecode.swift; path = UserViewController.swift; sourceTree = "<group>"; };
		21EB3A5F2898BF7C0056D9EB /* UserViewController.xib */ = {isa = PBXFileReference; lastKnownFileType = file.xib; path = UserViewController.xib; sourceTree = "<group>"; };
		21EB3A62289902810056D9EB /* HomeCoordinator.swift */ = {isa = PBXFileReference; lastKnownFileType = sourcecode.swift; path = HomeCoordinator.swift; sourceTree = "<group>"; };
		21EB3A64289913880056D9EB /* ListCoordinator.swift */ = {isa = PBXFileReference; lastKnownFileType = sourcecode.swift; path = ListCoordinator.swift; sourceTree = "<group>"; };
		21EB3A662899171A0056D9EB /* UserCoordinator.swift */ = {isa = PBXFileReference; lastKnownFileType = sourcecode.swift; path = UserCoordinator.swift; sourceTree = "<group>"; };
		35F6A1968FEE67553E06B453 /* Pods-Mooc2022.debug.xcconfig */ = {isa = PBXFileReference; includeInIndex = 1; lastKnownFileType = text.xcconfig; name = "Pods-Mooc2022.debug.xcconfig"; path = "Target Support Files/Pods-Mooc2022/Pods-Mooc2022.debug.xcconfig"; sourceTree = "<group>"; };
		4504DE52288F02F000D318A0 /* FirebaseManager.swift */ = {isa = PBXFileReference; lastKnownFileType = sourcecode.swift; path = FirebaseManager.swift; sourceTree = "<group>"; };
		45340F65288FB9A70050425A /* LogViewController.storyboard */ = {isa = PBXFileReference; lastKnownFileType = file.storyboard; path = LogViewController.storyboard; sourceTree = "<group>"; };
		458ECBAB288EC379005DB0F1 /* Log.swift */ = {isa = PBXFileReference; lastKnownFileType = sourcecode.swift; path = Log.swift; sourceTree = "<group>"; };
		458ECBAD288EC76B005DB0F1 /* LogViewController.swift */ = {isa = PBXFileReference; lastKnownFileType = sourcecode.swift; path = LogViewController.swift; sourceTree = "<group>"; };
		459564C6E5E6F6CBFE11A8AC /* Pods-Mooc2022.release.xcconfig */ = {isa = PBXFileReference; includeInIndex = 1; lastKnownFileType = text.xcconfig; name = "Pods-Mooc2022.release.xcconfig"; path = "Target Support Files/Pods-Mooc2022/Pods-Mooc2022.release.xcconfig"; sourceTree = "<group>"; };
		45ACB7ED288FAB9F002546DE /* LoginService.swift */ = {isa = PBXFileReference; lastKnownFileType = sourcecode.swift; path = LoginService.swift; sourceTree = "<group>"; };
		45F51BE728855D7500E84673 /* GoogleService-Info.plist */ = {isa = PBXFileReference; fileEncoding = 4; lastKnownFileType = text.plist.xml; path = "GoogleService-Info.plist"; sourceTree = "<group>"; };
		CEF0F97197EE4981FBB83B77 /* Pods_Mooc2022.framework */ = {isa = PBXFileReference; explicitFileType = wrapper.framework; includeInIndex = 0; path = Pods_Mooc2022.framework; sourceTree = BUILT_PRODUCTS_DIR; };
		E8353C3028966211007042F4 /* CircularTransition.swift */ = {isa = PBXFileReference; lastKnownFileType = sourcecode.swift; path = CircularTransition.swift; sourceTree = "<group>"; };
		E856AC13287D45A10069C3B4 /* MovieCell.swift */ = {isa = PBXFileReference; lastKnownFileType = sourcecode.swift; path = MovieCell.swift; sourceTree = "<group>"; };
		E856AC14287D45A10069C3B4 /* MovieCell.xib */ = {isa = PBXFileReference; lastKnownFileType = file.xib; path = MovieCell.xib; sourceTree = "<group>"; };
/* End PBXFileReference section */

/* Begin PBXFrameworksBuildPhase section */
		215F54DF287C1CD200B6653A /* Frameworks */ = {
			isa = PBXFrameworksBuildPhase;
			buildActionMask = 2147483647;
			files = (
				29788D778E9E8374DA334D18 /* Pods_Mooc2022.framework in Frameworks */,
			);
			runOnlyForDeploymentPostprocessing = 0;
		};
/* End PBXFrameworksBuildPhase section */

/* Begin PBXGroup section */
		215F54D9287C1CD200B6653A = {
			isa = PBXGroup;
			children = (
				215F54E4287C1CD200B6653A /* Mooc2022 */,
				215F54E3287C1CD200B6653A /* Products */,
				B41A7E9E3D63521DE2F2A39A /* Pods */,
				2BAA36429EDF83C6058577D5 /* Frameworks */,
			);
			sourceTree = "<group>";
		};
		215F54E3287C1CD200B6653A /* Products */ = {
			isa = PBXGroup;
			children = (
				215F54E2287C1CD200B6653A /* Mooc2022.app */,
			);
			name = Products;
			sourceTree = "<group>";
		};
		215F54E4287C1CD200B6653A /* Mooc2022 */ = {
			isa = PBXGroup;
			children = (
				21B1BC6F28912B2A00E238D5 /* DataSource */,
				21B1BC642891150200E238D5 /* DI */,
				216057EE288E7F3F00668604 /* Coordinators */,
				218B0678287FB84400EB4430 /* Feature */,
				218B067E287FB8EB00EB4430 /* Utils */,
				21B3BD30287FBA5B00363C06 /* Extensions */,
				21B3BD33287FBA9500363C06 /* Views */,
				21B3BD36287FBAC700363C06 /* Manager */,
				215F54E5287C1CD200B6653A /* AppDelegate.swift */,
				215F54E7287C1CD200B6653A /* SceneDelegate.swift */,
				45F51BE728855D7500E84673 /* GoogleService-Info.plist */,
				215F54EE287C1CD400B6653A /* Assets.xcassets */,
				215F54F0287C1CD400B6653A /* LaunchScreen.storyboard */,
				215F54F3287C1CD400B6653A /* Info.plist */,
			);
			path = Mooc2022;
			sourceTree = "<group>";
		};
		216057EE288E7F3F00668604 /* Coordinators */ = {
			isa = PBXGroup;
			children = (
				216057EF288E84ED00668604 /* Coordinator.swift */,
				216057F1288E856100668604 /* LoginCoordinator.swift */,
				21B45629288F8D70006B42D5 /* MainCoordinator.swift */,
				21EB3A62289902810056D9EB /* HomeCoordinator.swift */,
				21EB3A64289913880056D9EB /* ListCoordinator.swift */,
				21EB3A662899171A0056D9EB /* UserCoordinator.swift */,
			);
			path = Coordinators;
			sourceTree = "<group>";
		};
		218B0678287FB84400EB4430 /* Feature */ = {
			isa = PBXGroup;
			children = (
				21EB3A5D2898BF580056D9EB /* User */,
				21B3BD4E287FF92700363C06 /* Login */,
				21B3BD4B287FD0C400363C06 /* Authentication */,
				218B067D287FB8A700EB4430 /* Home */,
				218B067C287FB89500EB4430 /* Base */,
				218B0679287FB84C00EB4430 /* ListMovie */,
			);
			name = Feature;
			sourceTree = "<group>";
		};
		218B0679287FB84C00EB4430 /* ListMovie */ = {
			isa = PBXGroup;
			children = (
				21B1BC6C2891279200E238D5 /* ViewModel */,
				21B1BC5F2890EB8A00E238D5 /* Repository */,
				21B1BC5C2890E40E00E238D5 /* Entities */,
				218B067B287FB87300EB4430 /* View */,
				218B067A287FB86800EB4430 /* Model */,
				215F5501287C287F00B6653A /* ListViewController.swift */,
				215F5502287C287F00B6653A /* ListViewController.xib */,
			);
			name = ListMovie;
			sourceTree = "<group>";
		};
		218B067A287FB86800EB4430 /* Model */ = {
			isa = PBXGroup;
			children = (
				21B3BD5828808AEC00363C06 /* ListMovieModel.swift */,
				21B1BC6D289127BA00E238D5 /* ListMovieModelProtocol.swift */,
			);
			name = Model;
			sourceTree = "<group>";
		};
		218B067B287FB87300EB4430 /* View */ = {
			isa = PBXGroup;
			children = (
				E856AC13287D45A10069C3B4 /* MovieCell.swift */,
				E856AC14287D45A10069C3B4 /* MovieCell.xib */,
			);
			name = View;
			sourceTree = "<group>";
		};
		218B067C287FB89500EB4430 /* Base */ = {
			isa = PBXGroup;
			children = (
				215F54FF287C281B00B6653A /* MainTabbarViewController.swift */,
				215F54F9287C1E6700B6653A /* BaseViewController.swift */,
			);
			name = Base;
			sourceTree = "<group>";
		};
		218B067D287FB8A700EB4430 /* Home */ = {
			isa = PBXGroup;
			children = (
				215F54FB287C1EA700B6653A /* HomeViewController.swift */,
				215F54FC287C1EA700B6653A /* HomeViewController.xib */,
			);
			name = Home;
			sourceTree = "<group>";
		};
		218B067E287FB8EB00EB4430 /* Utils */ = {
			isa = PBXGroup;
			children = (
				45340F64288FB8F70050425A /* Logger */,
				21B3BD2E287FBA1E00363C06 /* Constant.swift */,
				21B3BD46287FC8A200363C06 /* StringConstant.swift */,
			);
			name = Utils;
			sourceTree = "<group>";
		};
		21B1BC5C2890E40E00E238D5 /* Entities */ = {
			isa = PBXGroup;
			children = (
				21B1BC5D2890E43600E238D5 /* Movie.swift */,
			);
			name = Entities;
			sourceTree = "<group>";
		};
		21B1BC5F2890EB8A00E238D5 /* Repository */ = {
			isa = PBXGroup;
			children = (
				21B1BC602890EBC500E238D5 /* MovieRepositoryProtocol.swift */,
				21B1BC6228910F0400E238D5 /* MovieRepository.swift */,
			);
			name = Repository;
			sourceTree = "<group>";
		};
		21B1BC642891150200E238D5 /* DI */ = {
			isa = PBXGroup;
			children = (
				21B1BC652891152A00E238D5 /* AppDependencyProvider.swift */,
			);
			path = DI;
			sourceTree = "<group>";
		};
		21B1BC6728911C4500E238D5 /* Network */ = {
			isa = PBXGroup;
			children = (
				21B1BC6828911C4500E238D5 /* NetworkManager.swift */,
				21B1BC6928911C4500E238D5 /* Endpoint.swift */,
			);
			path = Network;
			sourceTree = "<group>";
		};
		21B1BC6C2891279200E238D5 /* ViewModel */ = {
			isa = PBXGroup;
			children = (
				21B3BD5A28808B2400363C06 /* ListMovieViewModel.swift */,
			);
			name = ViewModel;
			sourceTree = "<group>";
		};
		21B1BC6F28912B2A00E238D5 /* DataSource */ = {
			isa = PBXGroup;
			children = (
				21B1BC70289133A500E238D5 /* RealmLocalDataSource.swift */,
				21B1BC72289133B300E238D5 /* DataSourceProtocol.swift */,
			);
			path = DataSource;
			sourceTree = "<group>";
		};
		21B3BD30287FBA5B00363C06 /* Extensions */ = {
			isa = PBXGroup;
			children = (
				21B3BD31287FBA5B00363C06 /* String+Extensions.swift */,
				21B3BD3C287FC29800363C06 /* UIView+Extensions.swift */,
			);
			path = Extensions;
			sourceTree = "<group>";
		};
		21B3BD33287FBA9500363C06 /* Views */ = {
			isa = PBXGroup;
			children = (
				21B3BD34287FBAA900363C06 /* BaseNibView.swift */,
				21B3BD5C2880980F00363C06 /* CustomCollectionViewLayout.swift */,
				E8353C3028966211007042F4 /* CircularTransition.swift */,
			);
			path = Views;
			sourceTree = "<group>";
		};
		21B3BD36287FBAC700363C06 /* Manager */ = {
			isa = PBXGroup;
			children = (
				21B3BD5528801D7400363C06 /* ListMovie */,
				21B3BD48287FD02D00363C06 /* Authentication */,
				21B3BD43287FC74F00363C06 /* Connection */,
				21B1BC6728911C4500E238D5 /* Network */,
				21B3BD37287FBAE500363C06 /* DataManager.swift */,
				4504DE52288F02F000D318A0 /* FirebaseManager.swift */,
				45ACB7ED288FAB9F002546DE /* LoginService.swift */,
			);
			path = Manager;
			sourceTree = "<group>";
		};
		21B3BD43287FC74F00363C06 /* Connection */ = {
			isa = PBXGroup;
			children = (
				21B3BD44287FC76100363C06 /* ConnectionManager.swift */,
			);
			path = Connection;
			sourceTree = "<group>";
		};
		21B3BD48287FD02D00363C06 /* Authentication */ = {
			isa = PBXGroup;
			children = (
				21B3BD49287FD05100363C06 /* AuthenticationManager.swift */,
			);
			path = Authentication;
			sourceTree = "<group>";
		};
		21B3BD4B287FD0C400363C06 /* Authentication */ = {
			isa = PBXGroup;
			children = (
				21B3BD4C287FD0D100363C06 /* Authentication.swift */,
			);
			name = Authentication;
			sourceTree = "<group>";
		};
		21B3BD4E287FF92700363C06 /* Login */ = {
			isa = PBXGroup;
			children = (
				21B3BD4F287FF94500363C06 /* LoginViewController.swift */,
				21B3BD50287FF94500363C06 /* LoginViewController.xib */,
				21B3BD53287FF99000363C06 /* LoginViewModel.swift */,
			);
			name = Login;
			sourceTree = "<group>";
		};
		21B3BD5528801D7400363C06 /* ListMovie */ = {
			isa = PBXGroup;
			children = (
				21B3BD5628801D8D00363C06 /* ListMovieManager.swift */,
			);
			path = ListMovie;
			sourceTree = "<group>";
		};
		21EB3A5D2898BF580056D9EB /* User */ = {
			isa = PBXGroup;
			children = (
				21EB3A5E2898BF7C0056D9EB /* UserViewController.swift */,
				21EB3A5F2898BF7C0056D9EB /* UserViewController.xib */,
			);
			name = User;
			sourceTree = "<group>";
		};
		2BAA36429EDF83C6058577D5 /* Frameworks */ = {
			isa = PBXGroup;
			children = (
				CEF0F97197EE4981FBB83B77 /* Pods_Mooc2022.framework */,
			);
			name = Frameworks;
			sourceTree = "<group>";
		};
		45340F64288FB8F70050425A /* Logger */ = {
			isa = PBXGroup;
			children = (
				458ECBAB288EC379005DB0F1 /* Log.swift */,
				458ECBAD288EC76B005DB0F1 /* LogViewController.swift */,
				45340F65288FB9A70050425A /* LogViewController.storyboard */,
			);
			path = Logger;
			sourceTree = "<group>";
		};
		B41A7E9E3D63521DE2F2A39A /* Pods */ = {
			isa = PBXGroup;
			children = (
				35F6A1968FEE67553E06B453 /* Pods-Mooc2022.debug.xcconfig */,
				459564C6E5E6F6CBFE11A8AC /* Pods-Mooc2022.release.xcconfig */,
			);
			path = Pods;
			sourceTree = "<group>";
		};
/* End PBXGroup section */

/* Begin PBXNativeTarget section */
		215F54E1287C1CD200B6653A /* Mooc2022 */ = {
			isa = PBXNativeTarget;
			buildConfigurationList = 215F54F6287C1CD400B6653A /* Build configuration list for PBXNativeTarget "Mooc2022" */;
			buildPhases = (
				72E0441B047C9DF7EB57BF31 /* [CP] Check Pods Manifest.lock */,
				215F54DE287C1CD200B6653A /* Sources */,
				215F54DF287C1CD200B6653A /* Frameworks */,
				215F54E0287C1CD200B6653A /* Resources */,
				E5B7E89ABDE8D7D5FFC2C8D6 /* [CP] Embed Pods Frameworks */,
			);
			buildRules = (
			);
			dependencies = (
			);
			name = Mooc2022;
			productName = Mooc2022;
			productReference = 215F54E2287C1CD200B6653A /* Mooc2022.app */;
			productType = "com.apple.product-type.application";
		};
/* End PBXNativeTarget section */

/* Begin PBXProject section */
		215F54DA287C1CD200B6653A /* Project object */ = {
			isa = PBXProject;
			attributes = {
				BuildIndependentTargetsInParallel = 1;
				LastSwiftUpdateCheck = 1340;
				LastUpgradeCheck = 1340;
				TargetAttributes = {
					215F54E1287C1CD200B6653A = {
						CreatedOnToolsVersion = 13.4.1;
					};
				};
			};
			buildConfigurationList = 215F54DD287C1CD200B6653A /* Build configuration list for PBXProject "Mooc2022" */;
			compatibilityVersion = "Xcode 13.0";
			developmentRegion = en;
			hasScannedForEncodings = 0;
			knownRegions = (
				en,
				Base,
			);
			mainGroup = 215F54D9287C1CD200B6653A;
			productRefGroup = 215F54E3287C1CD200B6653A /* Products */;
			projectDirPath = "";
			projectRoot = "";
			targets = (
				215F54E1287C1CD200B6653A /* Mooc2022 */,
			);
		};
/* End PBXProject section */

/* Begin PBXResourcesBuildPhase section */
		215F54E0287C1CD200B6653A /* Resources */ = {
			isa = PBXResourcesBuildPhase;
			buildActionMask = 2147483647;
			files = (
				215F54F2287C1CD400B6653A /* LaunchScreen.storyboard in Resources */,
				21EB3A612898BF7C0056D9EB /* UserViewController.xib in Resources */,
				215F54EF287C1CD400B6653A /* Assets.xcassets in Resources */,
				21B3BD52287FF94500363C06 /* LoginViewController.xib in Resources */,
				215F5504287C287F00B6653A /* ListViewController.xib in Resources */,
				45340F66288FB9A70050425A /* LogViewController.storyboard in Resources */,
				215F54FE287C1EA700B6653A /* HomeViewController.xib in Resources */,
				E856AC16287D45A10069C3B4 /* MovieCell.xib in Resources */,
				45F51BE828855D7500E84673 /* GoogleService-Info.plist in Resources */,
			);
			runOnlyForDeploymentPostprocessing = 0;
		};
/* End PBXResourcesBuildPhase section */

/* Begin PBXShellScriptBuildPhase section */
		72E0441B047C9DF7EB57BF31 /* [CP] Check Pods Manifest.lock */ = {
			isa = PBXShellScriptBuildPhase;
			buildActionMask = 2147483647;
			files = (
			);
			inputFileListPaths = (
			);
			inputPaths = (
				"${PODS_PODFILE_DIR_PATH}/Podfile.lock",
				"${PODS_ROOT}/Manifest.lock",
			);
			name = "[CP] Check Pods Manifest.lock";
			outputFileListPaths = (
			);
			outputPaths = (
				"$(DERIVED_FILE_DIR)/Pods-Mooc2022-checkManifestLockResult.txt",
			);
			runOnlyForDeploymentPostprocessing = 0;
			shellPath = /bin/sh;
			shellScript = "diff \"${PODS_PODFILE_DIR_PATH}/Podfile.lock\" \"${PODS_ROOT}/Manifest.lock\" > /dev/null\nif [ $? != 0 ] ; then\n    # print error to STDERR\n    echo \"error: The sandbox is not in sync with the Podfile.lock. Run 'pod install' or update your CocoaPods installation.\" >&2\n    exit 1\nfi\n# This output is used by Xcode 'outputs' to avoid re-running this script phase.\necho \"SUCCESS\" > \"${SCRIPT_OUTPUT_FILE_0}\"\n";
			showEnvVarsInLog = 0;
		};
		E5B7E89ABDE8D7D5FFC2C8D6 /* [CP] Embed Pods Frameworks */ = {
			isa = PBXShellScriptBuildPhase;
			buildActionMask = 2147483647;
			files = (
			);
			inputFileListPaths = (
				"${PODS_ROOT}/Target Support Files/Pods-Mooc2022/Pods-Mooc2022-frameworks-${CONFIGURATION}-input-files.xcfilelist",
			);
			name = "[CP] Embed Pods Frameworks";
			outputFileListPaths = (
				"${PODS_ROOT}/Target Support Files/Pods-Mooc2022/Pods-Mooc2022-frameworks-${CONFIGURATION}-output-files.xcfilelist",
			);
			runOnlyForDeploymentPostprocessing = 0;
			shellPath = /bin/sh;
			shellScript = "\"${PODS_ROOT}/Target Support Files/Pods-Mooc2022/Pods-Mooc2022-frameworks.sh\"\n";
			showEnvVarsInLog = 0;
		};
/* End PBXShellScriptBuildPhase section */

/* Begin PBXSourcesBuildPhase section */
		215F54DE287C1CD200B6653A /* Sources */ = {
			isa = PBXSourcesBuildPhase;
			buildActionMask = 2147483647;
			files = (
				21B3BD47287FC8A200363C06 /* StringConstant.swift in Sources */,
				21EB3A672899171A0056D9EB /* UserCoordinator.swift in Sources */,
				21EB3A602898BF7C0056D9EB /* UserViewController.swift in Sources */,
				E8353C3128966211007042F4 /* CircularTransition.swift in Sources */,
				E856AC15287D45A10069C3B4 /* MovieCell.swift in Sources */,
				215F54FD287C1EA700B6653A /* HomeViewController.swift in Sources */,
				21B1BC612890EBC500E238D5 /* MovieRepositoryProtocol.swift in Sources */,
				4504DE53288F02F000D318A0 /* FirebaseManager.swift in Sources */,
				458ECBAE288EC76B005DB0F1 /* LogViewController.swift in Sources */,
				215F54FA287C1E6700B6653A /* BaseViewController.swift in Sources */,
				21B1BC6E289127BA00E238D5 /* ListMovieModelProtocol.swift in Sources */,
				216057F2288E856100668604 /* LoginCoordinator.swift in Sources */,
				21B3BD51287FF94500363C06 /* LoginViewController.swift in Sources */,
				21B1BC6328910F0400E238D5 /* MovieRepository.swift in Sources */,
				21B3BD2F287FBA1E00363C06 /* Constant.swift in Sources */,
				458ECBAC288EC37A005DB0F1 /* Log.swift in Sources */,
				21B3BD32287FBA5B00363C06 /* String+Extensions.swift in Sources */,
				21EB3A63289902820056D9EB /* HomeCoordinator.swift in Sources */,
				21B3BD54287FF99000363C06 /* LoginViewModel.swift in Sources */,
				215F5503287C287F00B6653A /* ListViewController.swift in Sources */,
				21B4562A288F8D70006B42D5 /* MainCoordinator.swift in Sources */,
				21B3BD3D287FC29800363C06 /* UIView+Extensions.swift in Sources */,
				215F54E6287C1CD200B6653A /* AppDelegate.swift in Sources */,
				21B3BD35287FBAA900363C06 /* BaseNibView.swift in Sources */,
				21B1BC662891152A00E238D5 /* AppDependencyProvider.swift in Sources */,
				21B3BD45287FC76100363C06 /* ConnectionManager.swift in Sources */,
				21B1BC6A28911C4500E238D5 /* NetworkManager.swift in Sources */,
				21B3BD38287FBAE500363C06 /* DataManager.swift in Sources */,
				215F54E8287C1CD200B6653A /* SceneDelegate.swift in Sources */,
				215F5500287C281B00B6653A /* MainTabbarViewController.swift in Sources */,
				21B3BD5928808AEC00363C06 /* ListMovieModel.swift in Sources */,
				21B1BC71289133A500E238D5 /* RealmLocalDataSource.swift in Sources */,
				21B3BD5B28808B2400363C06 /* ListMovieViewModel.swift in Sources */,
				21B1BC73289133B300E238D5 /* DataSourceProtocol.swift in Sources */,
				21B3BD4A287FD05100363C06 /* AuthenticationManager.swift in Sources */,
				21B3BD5728801D8D00363C06 /* ListMovieManager.swift in Sources */,
				216057F0288E84ED00668604 /* Coordinator.swift in Sources */,
				21B1BC5E2890E43600E238D5 /* Movie.swift in Sources */,
				21B3BD5D2880980F00363C06 /* CustomCollectionViewLayout.swift in Sources */,
				21EB3A65289913880056D9EB /* ListCoordinator.swift in Sources */,
				21B1BC6B28911C4500E238D5 /* Endpoint.swift in Sources */,
				21B3BD4D287FD0D100363C06 /* Authentication.swift in Sources */,
				45ACB7EE288FAB9F002546DE /* LoginService.swift in Sources */,
			);
			runOnlyForDeploymentPostprocessing = 0;
		};
/* End PBXSourcesBuildPhase section */

/* Begin PBXVariantGroup section */
		215F54F0287C1CD400B6653A /* LaunchScreen.storyboard */ = {
			isa = PBXVariantGroup;
			children = (
				215F54F1287C1CD400B6653A /* Base */,
			);
			name = LaunchScreen.storyboard;
			sourceTree = "<group>";
		};
/* End PBXVariantGroup section */

/* Begin XCBuildConfiguration section */
		215F54F4287C1CD400B6653A /* Debug */ = {
			isa = XCBuildConfiguration;
			buildSettings = {
				ALWAYS_SEARCH_USER_PATHS = NO;
				CLANG_ANALYZER_NONNULL = YES;
				CLANG_ANALYZER_NUMBER_OBJECT_CONVERSION = YES_AGGRESSIVE;
				CLANG_CXX_LANGUAGE_STANDARD = "gnu++17";
				CLANG_ENABLE_MODULES = YES;
				CLANG_ENABLE_OBJC_ARC = YES;
				CLANG_ENABLE_OBJC_WEAK = YES;
				CLANG_WARN_BLOCK_CAPTURE_AUTORELEASING = YES;
				CLANG_WARN_BOOL_CONVERSION = YES;
				CLANG_WARN_COMMA = YES;
				CLANG_WARN_CONSTANT_CONVERSION = YES;
				CLANG_WARN_DEPRECATED_OBJC_IMPLEMENTATIONS = YES;
				CLANG_WARN_DIRECT_OBJC_ISA_USAGE = YES_ERROR;
				CLANG_WARN_DOCUMENTATION_COMMENTS = YES;
				CLANG_WARN_EMPTY_BODY = YES;
				CLANG_WARN_ENUM_CONVERSION = YES;
				CLANG_WARN_INFINITE_RECURSION = YES;
				CLANG_WARN_INT_CONVERSION = YES;
				CLANG_WARN_NON_LITERAL_NULL_CONVERSION = YES;
				CLANG_WARN_OBJC_IMPLICIT_RETAIN_SELF = YES;
				CLANG_WARN_OBJC_LITERAL_CONVERSION = YES;
				CLANG_WARN_OBJC_ROOT_CLASS = YES_ERROR;
				CLANG_WARN_QUOTED_INCLUDE_IN_FRAMEWORK_HEADER = YES;
				CLANG_WARN_RANGE_LOOP_ANALYSIS = YES;
				CLANG_WARN_STRICT_PROTOTYPES = YES;
				CLANG_WARN_SUSPICIOUS_MOVE = YES;
				CLANG_WARN_UNGUARDED_AVAILABILITY = YES_AGGRESSIVE;
				CLANG_WARN_UNREACHABLE_CODE = YES;
				CLANG_WARN__DUPLICATE_METHOD_MATCH = YES;
				COPY_PHASE_STRIP = NO;
				DEBUG_INFORMATION_FORMAT = dwarf;
				ENABLE_STRICT_OBJC_MSGSEND = YES;
				ENABLE_TESTABILITY = YES;
				GCC_C_LANGUAGE_STANDARD = gnu11;
				GCC_DYNAMIC_NO_PIC = NO;
				GCC_NO_COMMON_BLOCKS = YES;
				GCC_OPTIMIZATION_LEVEL = 0;
				GCC_PREPROCESSOR_DEFINITIONS = (
					"DEBUG=1",
					"$(inherited)",
				);
				GCC_WARN_64_TO_32_BIT_CONVERSION = YES;
				GCC_WARN_ABOUT_RETURN_TYPE = YES_ERROR;
				GCC_WARN_UNDECLARED_SELECTOR = YES;
				GCC_WARN_UNINITIALIZED_AUTOS = YES_AGGRESSIVE;
				GCC_WARN_UNUSED_FUNCTION = YES;
				GCC_WARN_UNUSED_VARIABLE = YES;
				IPHONEOS_DEPLOYMENT_TARGET = 14.0;
				MTL_ENABLE_DEBUG_INFO = INCLUDE_SOURCE;
				MTL_FAST_MATH = YES;
				ONLY_ACTIVE_ARCH = YES;
				SDKROOT = iphoneos;
				SWIFT_ACTIVE_COMPILATION_CONDITIONS = DEBUG;
				SWIFT_OPTIMIZATION_LEVEL = "-Onone";
			};
			name = Debug;
		};
		215F54F5287C1CD400B6653A /* Release */ = {
			isa = XCBuildConfiguration;
			buildSettings = {
				ALWAYS_SEARCH_USER_PATHS = NO;
				CLANG_ANALYZER_NONNULL = YES;
				CLANG_ANALYZER_NUMBER_OBJECT_CONVERSION = YES_AGGRESSIVE;
				CLANG_CXX_LANGUAGE_STANDARD = "gnu++17";
				CLANG_ENABLE_MODULES = YES;
				CLANG_ENABLE_OBJC_ARC = YES;
				CLANG_ENABLE_OBJC_WEAK = YES;
				CLANG_WARN_BLOCK_CAPTURE_AUTORELEASING = YES;
				CLANG_WARN_BOOL_CONVERSION = YES;
				CLANG_WARN_COMMA = YES;
				CLANG_WARN_CONSTANT_CONVERSION = YES;
				CLANG_WARN_DEPRECATED_OBJC_IMPLEMENTATIONS = YES;
				CLANG_WARN_DIRECT_OBJC_ISA_USAGE = YES_ERROR;
				CLANG_WARN_DOCUMENTATION_COMMENTS = YES;
				CLANG_WARN_EMPTY_BODY = YES;
				CLANG_WARN_ENUM_CONVERSION = YES;
				CLANG_WARN_INFINITE_RECURSION = YES;
				CLANG_WARN_INT_CONVERSION = YES;
				CLANG_WARN_NON_LITERAL_NULL_CONVERSION = YES;
				CLANG_WARN_OBJC_IMPLICIT_RETAIN_SELF = YES;
				CLANG_WARN_OBJC_LITERAL_CONVERSION = YES;
				CLANG_WARN_OBJC_ROOT_CLASS = YES_ERROR;
				CLANG_WARN_QUOTED_INCLUDE_IN_FRAMEWORK_HEADER = YES;
				CLANG_WARN_RANGE_LOOP_ANALYSIS = YES;
				CLANG_WARN_STRICT_PROTOTYPES = YES;
				CLANG_WARN_SUSPICIOUS_MOVE = YES;
				CLANG_WARN_UNGUARDED_AVAILABILITY = YES_AGGRESSIVE;
				CLANG_WARN_UNREACHABLE_CODE = YES;
				CLANG_WARN__DUPLICATE_METHOD_MATCH = YES;
				COPY_PHASE_STRIP = NO;
				DEBUG_INFORMATION_FORMAT = "dwarf-with-dsym";
				ENABLE_NS_ASSERTIONS = NO;
				ENABLE_STRICT_OBJC_MSGSEND = YES;
				GCC_C_LANGUAGE_STANDARD = gnu11;
				GCC_NO_COMMON_BLOCKS = YES;
				GCC_WARN_64_TO_32_BIT_CONVERSION = YES;
				GCC_WARN_ABOUT_RETURN_TYPE = YES_ERROR;
				GCC_WARN_UNDECLARED_SELECTOR = YES;
				GCC_WARN_UNINITIALIZED_AUTOS = YES_AGGRESSIVE;
				GCC_WARN_UNUSED_FUNCTION = YES;
				GCC_WARN_UNUSED_VARIABLE = YES;
				IPHONEOS_DEPLOYMENT_TARGET = 14.0;
				MTL_ENABLE_DEBUG_INFO = NO;
				MTL_FAST_MATH = YES;
				SDKROOT = iphoneos;
				SWIFT_COMPILATION_MODE = wholemodule;
				SWIFT_OPTIMIZATION_LEVEL = "-O";
				VALIDATE_PRODUCT = YES;
			};
			name = Release;
		};
		215F54F7287C1CD400B6653A /* Debug */ = {
			isa = XCBuildConfiguration;
			baseConfigurationReference = 35F6A1968FEE67553E06B453 /* Pods-Mooc2022.debug.xcconfig */;
			buildSettings = {
				ASSETCATALOG_COMPILER_APPICON_NAME = AppIcon;
				ASSETCATALOG_COMPILER_GLOBAL_ACCENT_COLOR_NAME = AccentColor;
				CODE_SIGN_STYLE = Automatic;
				CURRENT_PROJECT_VERSION = 1;
				DEVELOPMENT_TEAM = H5MWCD24K2;
				GENERATE_INFOPLIST_FILE = YES;
				INFOPLIST_FILE = Mooc2022/Info.plist;
				INFOPLIST_KEY_NSMainNibFile = HomeViewController;
				INFOPLIST_KEY_UIApplicationSupportsIndirectInputEvents = YES;
				INFOPLIST_KEY_UILaunchStoryboardName = LaunchScreen;
				INFOPLIST_KEY_UISupportedInterfaceOrientations_iPad = "UIInterfaceOrientationPortrait UIInterfaceOrientationPortraitUpsideDown UIInterfaceOrientationLandscapeLeft UIInterfaceOrientationLandscapeRight";
				INFOPLIST_KEY_UISupportedInterfaceOrientations_iPhone = "UIInterfaceOrientationPortrait UIInterfaceOrientationLandscapeLeft UIInterfaceOrientationLandscapeRight";
				IPHONEOS_DEPLOYMENT_TARGET = 13.0;
				LD_RUNPATH_SEARCH_PATHS = (
					"$(inherited)",
					"@executable_path/Frameworks",
				);
				MARKETING_VERSION = 1.0;
				PRODUCT_BUNDLE_IDENTIFIER = mooc.Mooc2022;
				PRODUCT_NAME = "$(TARGET_NAME)";
				SWIFT_EMIT_LOC_STRINGS = YES;
				SWIFT_VERSION = 5.0;
				TARGETED_DEVICE_FAMILY = 1;
			};
			name = Debug;
		};
		215F54F8287C1CD400B6653A /* Release */ = {
			isa = XCBuildConfiguration;
			baseConfigurationReference = 459564C6E5E6F6CBFE11A8AC /* Pods-Mooc2022.release.xcconfig */;
			buildSettings = {
				ASSETCATALOG_COMPILER_APPICON_NAME = AppIcon;
				ASSETCATALOG_COMPILER_GLOBAL_ACCENT_COLOR_NAME = AccentColor;
				CODE_SIGN_STYLE = Automatic;
				CURRENT_PROJECT_VERSION = 1;
				DEVELOPMENT_TEAM = H5MWCD24K2;
				GENERATE_INFOPLIST_FILE = YES;
				INFOPLIST_FILE = Mooc2022/Info.plist;
				INFOPLIST_KEY_NSMainNibFile = HomeViewController;
				INFOPLIST_KEY_UIApplicationSupportsIndirectInputEvents = YES;
				INFOPLIST_KEY_UILaunchStoryboardName = LaunchScreen;
				INFOPLIST_KEY_UISupportedInterfaceOrientations_iPad = "UIInterfaceOrientationPortrait UIInterfaceOrientationPortraitUpsideDown UIInterfaceOrientationLandscapeLeft UIInterfaceOrientationLandscapeRight";
				INFOPLIST_KEY_UISupportedInterfaceOrientations_iPhone = "UIInterfaceOrientationPortrait UIInterfaceOrientationLandscapeLeft UIInterfaceOrientationLandscapeRight";
				IPHONEOS_DEPLOYMENT_TARGET = 13.0;
				LD_RUNPATH_SEARCH_PATHS = (
					"$(inherited)",
					"@executable_path/Frameworks",
				);
				MARKETING_VERSION = 1.0;
				PRODUCT_BUNDLE_IDENTIFIER = mooc.Mooc2022;
				PRODUCT_NAME = "$(TARGET_NAME)";
				SWIFT_EMIT_LOC_STRINGS = YES;
				SWIFT_VERSION = 5.0;
				TARGETED_DEVICE_FAMILY = 1;
			};
			name = Release;
		};
/* End XCBuildConfiguration section */

/* Begin XCConfigurationList section */
		215F54DD287C1CD200B6653A /* Build configuration list for PBXProject "Mooc2022" */ = {
			isa = XCConfigurationList;
			buildConfigurations = (
				215F54F4287C1CD400B6653A /* Debug */,
				215F54F5287C1CD400B6653A /* Release */,
			);
			defaultConfigurationIsVisible = 0;
			defaultConfigurationName = Release;
		};
		215F54F6287C1CD400B6653A /* Build configuration list for PBXNativeTarget "Mooc2022" */ = {
			isa = XCConfigurationList;
			buildConfigurations = (
				215F54F7287C1CD400B6653A /* Debug */,
				215F54F8287C1CD400B6653A /* Release */,
			);
			defaultConfigurationIsVisible = 0;
			defaultConfigurationName = Release;
		};
/* End XCConfigurationList section */
	};
	rootObject = 215F54DA287C1CD200B6653A /* Project object */;
}
